
Microsoft Visual Studio Solution File, Format Version 12.00
# Visual Studio Version 17
VisualStudioVersion = 17.3.32901.215
MinimumVisualStudioVersion = 10.0.40219.1
Project("{FAE04EC0-301F-11D3-BF4B-00C04F79EFBC}") = "AuthenticationWebApi", "AuthenticationWebApi\AuthenticationWebApi.csproj", "{BCC97DEF-0A18-481A-B56B-FCF9352FF645}"
EndProject
Global
	GlobalSection(SolutionConfigurationPlatforms) = preSolution
		Debug|Any CPU = Debug|Any CPU
		Release|Any CPU = Release|Any CPU
	EndGlobalSection
	GlobalSection(ProjectConfigurationPlatforms) = postSolution
		{BCC97DEF-0A18-481A-B56B-FCF9352FF645}.Debug|Any CPU.ActiveCfg = Debug|Any CPU
		{BCC97DEF-0A18-481A-B56B-FCF9352FF645}.Debug|Any CPU.Build.0 = Debug|Any CPU
		{BCC97DEF-0A18-481A-B56B-FCF9352FF645}.Release|Any CPU.ActiveCfg = Release|Any CPU
		{BCC97DEF-0A18-481A-B56B-FCF9352FF645}.Release|Any CPU.Build.0 = Release|Any CPU
	EndGlobalSection
	GlobalSection(SolutionProperties) = preSolution
		HideSolutionNode = FALSE
	EndGlobalSection
	GlobalSection(ExtensibilityGlobals) = postSolution
		SolutionGuid = {C057C256-C52C-4999-8E2D-2D055E8DFE8D}
	EndGlobalSection
EndGlobal
